// !$*UTF8*$!
{
	archiveVersion = 1;
	classes = {
	};
	objectVersion = 46;
	objects = {

/* Begin PBXBuildFile section */
		88854FE51E00E34E0075108E /* AppDelegate.swift in Sources */ = {isa = PBXBuildFile; fileRef = 88854FE41E00E34E0075108E /* AppDelegate.swift */; };
		88854FE71E00E34E0075108E /* ViewController.swift in Sources */ = {isa = PBXBuildFile; fileRef = 88854FE61E00E34E0075108E /* ViewController.swift */; };
		88854FE91E00E34E0075108E /* Assets.xcassets in Resources */ = {isa = PBXBuildFile; fileRef = 88854FE81E00E34E0075108E /* Assets.xcassets */; };
		88854FEC1E00E34E0075108E /* Main.storyboard in Resources */ = {isa = PBXBuildFile; fileRef = 88854FEA1E00E34E0075108E /* Main.storyboard */; };
		88854FF41E0118140075108E /* DragImageView.swift in Sources */ = {isa = PBXBuildFile; fileRef = 88854FF31E0118140075108E /* DragImageView.swift */; };
		88C67F261E01366300A2FA9A /* imageSize.plist in Resources */ = {isa = PBXBuildFile; fileRef = 88C67F251E01366300A2FA9A /* imageSize.plist */; };
/* End PBXBuildFile section */

/* Begin PBXFileReference section */
		88854FE11E00E34E0075108E /* iconFit.app */ = {isa = PBXFileReference; explicitFileType = wrapper.application; includeInIndex = 0; path = iconFit.app; sourceTree = BUILT_PRODUCTS_DIR; };
		88854FE41E00E34E0075108E /* AppDelegate.swift */ = {isa = PBXFileReference; lastKnownFileType = sourcecode.swift; path = AppDelegate.swift; sourceTree = "<group>"; };
		88854FE61E00E34E0075108E /* ViewController.swift */ = {isa = PBXFileReference; lastKnownFileType = sourcecode.swift; path = ViewController.swift; sourceTree = "<group>"; };
		88854FE81E00E34E0075108E /* Assets.xcassets */ = {isa = PBXFileReference; lastKnownFileType = folder.assetcatalog; path = Assets.xcassets; sourceTree = "<group>"; };
		88854FEB1E00E34E0075108E /* Base */ = {isa = PBXFileReference; lastKnownFileType = file.storyboard; name = Base; path = Base.lproj/Main.storyboard; sourceTree = "<group>"; };
		88854FED1E00E34E0075108E /* Info.plist */ = {isa = PBXFileReference; lastKnownFileType = text.plist.xml; path = Info.plist; sourceTree = "<group>"; };
		88854FF31E0118140075108E /* DragImageView.swift */ = {isa = PBXFileReference; fileEncoding = 4; lastKnownFileType = sourcecode.swift; path = DragImageView.swift; sourceTree = "<group>"; };
		88C67F251E01366300A2FA9A /* imageSize.plist */ = {isa = PBXFileReference; fileEncoding = 4; lastKnownFileType = text.plist.xml; path = imageSize.plist; sourceTree = "<group>"; };
/* End PBXFileReference section */

/* Begin PBXFrameworksBuildPhase section */
		88854FDE1E00E34E0075108E /* Frameworks */ = {
			isa = PBXFrameworksBuildPhase;
			buildActionMask = 2147483647;
			files = (
			);
			runOnlyForDeploymentPostprocessing = 0;
		};
/* End PBXFrameworksBuildPhase section */

/* Begin PBXGroup section */
		88854FD81E00E34E0075108E = {
			isa = PBXGroup;
			children = (
				88854FE31E00E34E0075108E /* iconFit */,
				88854FE21E00E34E0075108E /* Products */,
			);
			sourceTree = "<group>";
		};
		88854FE21E00E34E0075108E /* Products */ = {
			isa = PBXGroup;
			children = (
				88854FE11E00E34E0075108E /* iconFit.app */,
			);
			name = Products;
			sourceTree = "<group>";
		};
		88854FE31E00E34E0075108E /* iconFit */ = {
			isa = PBXGroup;
			children = (
				88854FE41E00E34E0075108E /* AppDelegate.swift */,
				88854FE61E00E34E0075108E /* ViewController.swift */,
				88854FE81E00E34E0075108E /* Assets.xcassets */,
				88854FEA1E00E34E0075108E /* Main.storyboard */,
				88C67F251E01366300A2FA9A /* imageSize.plist */,
				88854FED1E00E34E0075108E /* Info.plist */,
				88854FF31E0118140075108E /* DragImageView.swift */,
			);
			path = iconFit;
			sourceTree = "<group>";
		};
/* End PBXGroup section */

/* Begin PBXNativeTarget section */
		88854FE01E00E34E0075108E /* iconFit */ = {
			isa = PBXNativeTarget;
			buildConfigurationList = 88854FF01E00E34E0075108E /* Build configuration list for PBXNativeTarget "iconFit" */;
			buildPhases = (
				88854FDD1E00E34E0075108E /* Sources */,
				88854FDE1E00E34E0075108E /* Frameworks */,
				88854FDF1E00E34E0075108E /* Resources */,
			);
			buildRules = (
			);
			dependencies = (
			);
			name = iconFit;
			productName = iconFit;
			productReference = 88854FE11E00E34E0075108E /* iconFit.app */;
			productType = "com.apple.product-type.application";
		};
/* End PBXNativeTarget section */

/* Begin PBXProject section */
		88854FD91E00E34E0075108E /* Project object */ = {
			isa = PBXProject;
			attributes = {
				LastSwiftUpdateCheck = 0810;
				LastUpgradeCheck = 0810;
				ORGANIZATIONNAME = peterfei;
				TargetAttributes = {
					88854FE01E00E34E0075108E = {
						CreatedOnToolsVersion = 8.1;
						ProvisioningStyle = Automatic;
					};
				};
			};
			buildConfigurationList = 88854FDC1E00E34E0075108E /* Build configuration list for PBXProject "iconFit" */;
			compatibilityVersion = "Xcode 3.2";
			developmentRegion = English;
			hasScannedForEncodings = 0;
			knownRegions = (
				en,
				Base,
			);
			mainGroup = 88854FD81E00E34E0075108E;
			productRefGroup = 88854FE21E00E34E0075108E /* Products */;
			projectDirPath = "";
			projectRoot = "";
			targets = (
				88854FE01E00E34E0075108E /* iconFit */,
			);
		};
/* End PBXProject section */

/* Begin PBXResourcesBuildPhase section */
		88854FDF1E00E34E0075108E /* Resources */ = {
			isa = PBXResourcesBuildPhase;
			buildActionMask = 2147483647;
			files = (
				88854FE91E00E34E0075108E /* Assets.xcassets in Resources */,
				88C67F261E01366300A2FA9A /* imageSize.plist in Resources */,
				88854FEC1E00E34E0075108E /* Main.storyboard in Resources */,
			);
			runOnlyForDeploymentPostprocessing = 0;
		};
/* End PBXResourcesBuildPhase section */

/* Begin PBXSourcesBuildPhase section */
		88854FDD1E00E34E0075108E /* Sources */ = {
			isa = PBXSourcesBuildPhase;
			buildActionMask = 2147483647;
			files = (
				88854FE71E00E34E0075108E /* ViewController.swift in Sources */,
				88854FF41E0118140075108E /* DragImageView.swift in Sources */,
				88854FE51E00E34E0075108E /* AppDelegate.swift in Sources */,
			);
			runOnlyForDeploymentPostprocessing = 0;
		};
/* End PBXSourcesBuildPhase section */

/* Begin PBXVariantGroup section */
		88854FEA1E00E34E0075108E /* Main.storyboard */ = {
			isa = PBXVariantGroup;
			children = (
				88854FEB1E00E34E0075108E /* Base */,
			);
			name = Main.storyboard;
			sourceTree = "<group>";
		};
/* End PBXVariantGroup section */

/* Begin XCBuildConfiguration section */
		88854FEE1E00E34E0075108E /* Debug */ = {
			isa = XCBuildConfiguration;
			buildSettings = {
				ALWAYS_SEARCH_USER_PATHS = NO;
				CLANG_ANALYZER_NONNULL = YES;
				CLANG_CXX_LANGUAGE_STANDARD = "gnu++0x";
				CLANG_CXX_LIBRARY = "libc++";
				CLANG_ENABLE_MODULES = YES;
				CLANG_ENABLE_OBJC_ARC = YES;
				CLANG_WARN_BOOL_CONVERSION = YES;
				CLANG_WARN_CONSTANT_CONVERSION = YES;
				CLANG_WARN_DIRECT_OBJC_ISA_USAGE = YES_ERROR;
				CLANG_WARN_DOCUMENTATION_COMMENTS = YES;
				CLANG_WARN_EMPTY_BODY = YES;
				CLANG_WARN_ENUM_CONVERSION = YES;
				CLANG_WARN_INFINITE_RECURSION = YES;
				CLANG_WARN_INT_CONVERSION = YES;
				CLANG_WARN_OBJC_ROOT_CLASS = YES_ERROR;
				CLANG_WARN_SUSPICIOUS_MOVES = YES;
				CLANG_WARN_UNREACHABLE_CODE = YES;
				CLANG_WARN__DUPLICATE_METHOD_MATCH = YES;
				CODE_SIGN_IDENTITY = "-";
				COPY_PHASE_STRIP = NO;
				DEBUG_INFORMATION_FORMAT = dwarf;
				ENABLE_STRICT_OBJC_MSGSEND = YES;
				ENABLE_TESTABILITY = YES;
				GCC_C_LANGUAGE_STANDARD = gnu99;
				GCC_DYNAMIC_NO_PIC = NO;
				GCC_NO_COMMON_BLOCKS = YES;
				GCC_OPTIMIZATION_LEVEL = 0;
				GCC_PREPROCESSOR_DEFINITIONS = (
					"DEBUG=1",
					"$(inherited)",
				);
				GCC_WARN_64_TO_32_BIT_CONVERSION = YES;
				GCC_WARN_ABOUT_RETURN_TYPE = YES_ERROR;
				GCC_WARN_UNDECLARED_SELECTOR = YES;
				GCC_WARN_UNINITIALIZED_AUTOS = YES_AGGRESSIVE;
				GCC_WARN_UNUSED_FUNCTION = YES;
				GCC_WARN_UNUSED_VARIABLE = YES;
				MACOSX_DEPLOYMENT_TARGET = 10.12;
				MTL_ENABLE_DEBUG_INFO = YES;
				ONLY_ACTIVE_ARCH = YES;
				SDKROOT = macosx;
				SWIFT_ACTIVE_COMPILATION_CONDITIONS = DEBUG;
				SWIFT_OPTIMIZATION_LEVEL = "-Onone";
			};
			name = Debug;
		};
		88854FEF1E00E34E0075108E /* Release */ = {
			isa = XCBuildConfiguration;
			buildSettings = {
				ALWAYS_SEARCH_USER_PATHS = NO;
				CLANG_ANALYZER_NONNULL = YES;
				CLANG_CXX_LANGUAGE_STANDARD = "gnu++0x";
				CLANG_CXX_LIBRARY = "libc++";
				CLANG_ENABLE_MODULES = YES;
				CLANG_ENABLE_OBJC_ARC = YES;
				CLANG_WARN_BOOL_CONVERSION = YES;
				CLANG_WARN_CONSTANT_CONVERSION = YES;
				CLANG_WARN_DIRECT_OBJC_ISA_USAGE = YES_ERROR;
				CLANG_WARN_DOCUMENTATION_COMMENTS = YES;
				CLANG_WARN_EMPTY_BODY = YES;
				CLANG_WARN_ENUM_CONVERSION = YES;
				CLANG_WARN_INFINITE_RECURSION = YES;
				CLANG_WARN_INT_CONVERSION = YES;
				CLANG_WARN_OBJC_ROOT_CLASS = YES_ERROR;
				CLANG_WARN_SUSPICIOUS_MOVES = YES;
				CLANG_WARN_UNREACHABLE_CODE = YES;
				CLANG_WARN__DUPLICATE_METHOD_MATCH = YES;
				CODE_SIGN_IDENTITY = "-";
				COPY_PHASE_STRIP = NO;
				DEBUG_INFORMATION_FORMAT = "dwarf-with-dsym";
				ENABLE_NS_ASSERTIONS = NO;
				ENABLE_STRICT_OBJC_MSGSEND = YES;
				GCC_C_LANGUAGE_STANDARD = gnu99;
				GCC_NO_COMMON_BLOCKS = YES;
				GCC_WARN_64_TO_32_BIT_CONVERSION = YES;
				GCC_WARN_ABOUT_RETURN_TYPE = YES_ERROR;
				GCC_WARN_UNDECLARED_SELECTOR = YES;
				GCC_WARN_UNINITIALIZED_AUTOS = YES_AGGRESSIVE;
				GCC_WARN_UNUSED_FUNCTION = YES;
				GCC_WARN_UNUSED_VARIABLE = YES;
				MACOSX_DEPLOYMENT_TARGET = 10.12;
				MTL_ENABLE_DEBUG_INFO = NO;
				SDKROOT = macosx;
				SWIFT_OPTIMIZATION_LEVEL = "-Owholemodule";
			};
			name = Release;
		};
		88854FF11E00E34E0075108E /* Debug */ = {
			isa = XCBuildConfiguration;
			buildSettings = {
				ASSETCATALOG_COMPILER_APPICON_NAME = AppIcon;
				COMBINE_HIDPI_IMAGES = YES;
				INFOPLIST_FILE = iconFit/Info.plist;
				LD_RUNPATH_SEARCH_PATHS = "$(inherited) @executable_path/../Frameworks";
				PRODUCT_BUNDLE_IDENTIFIER = com.peterfei.iconFit;
				PRODUCT_NAME = "$(TARGET_NAME)";
				SWIFT_VERSION = 3.0;
			};
			name = Debug;
		};
		88854FF21E00E34E0075108E /* Release */ = {
			isa = XCBuildConfiguration;
			buildSettings = {
				ASSETCATALOG_COMPILER_APPICON_NAME = AppIcon;
				COMBINE_HIDPI_IMAGES = YES;
				INFOPLIST_FILE = iconFit/Info.plist;
				LD_RUNPATH_SEARCH_PATHS = "$(inherited) @executable_path/../Frameworks";
				PRODUCT_BUNDLE_IDENTIFIER = com.peterfei.iconFit;
				PRODUCT_NAME = "$(TARGET_NAME)";
				SWIFT_VERSION = 3.0;
			};
			name = Release;
		};
/* End XCBuildConfiguration section */

/* Begin XCConfigurationList section */
		88854FDC1E00E34E0075108E /* Build configuration list for PBXProject "iconFit" */ = {
			isa = XCConfigurationList;
			buildConfigurations = (
				88854FEE1E00E34E0075108E /* Debug */,
				88854FEF1E00E34E0075108E /* Release */,
			);
			defaultConfigurationIsVisible = 0;
			defaultConfigurationName = Release;
		};
		88854FF01E00E34E0075108E /* Build configuration list for PBXNativeTarget "iconFit" */ = {
			isa = XCConfigurationList;
			buildConfigurations = (
				88854FF11E00E34E0075108E /* Debug */,
				88854FF21E00E34E0075108E /* Release */,
			);
			defaultConfigurationIsVisible = 0;
			defaultConfigurationName = Release;
		};
/* End XCConfigurationList section */
	};
	rootObject = 88854FD91E00E34E0075108E /* Project object */;
}
